{
  "version": "3",
  "remote": {
    "https://cdn.jsdelivr.net/gh/stephband/dom@master/modules/assign.js": "c41f48f4c38e5c1a11b4dcd020bb4a01c9fb922a2d45ef455247f583bdfbc755",
    "https://cdn.jsdelivr.net/gh/stephband/dom@master/modules/create.js": "88c3e04e7b37676ce3f0ee6efbffc8a0c9101d308b39fcd752859aa55e5af1dc",
    "https://cdn.jsdelivr.net/gh/stephband/dom@master/modules/delegate.js": "bf8b5c0331d87a1e48b2f59a3aa39aedb6c973de1a988b776f52edd8db3038ce",
    "https://cdn.jsdelivr.net/gh/stephband/dom@master/modules/element.js": "869d9a6bafb6d42a11a747a3f5cb47a954e66c31e130ffdf08810aa8363e7952",
    "https://cdn.jsdelivr.net/gh/stephband/dom@master/modules/element/create-boolean.js": "72eedffcf99d3f8bf5c3e6515079414264c2be8646f3b9df8d31519a92879c7a",
    "https://cdn.jsdelivr.net/gh/stephband/dom@master/modules/element/create-token-list.js": "1c1a71976dadbb176b4934604b8bcde1ec7bdb8f1fd7c737489341a503d72bf1",
    "https://cdn.jsdelivr.net/gh/stephband/dom@master/modules/element/internals.js": "353230a66f44dd209349a3afb6e5f73c38cd46a04f41383587ee663e5bfa2438",
    "https://cdn.jsdelivr.net/gh/stephband/dom@master/modules/element/to-load-promise.js": "e37ffaf2381a7b666d8e2f183ba4029594304dfb59d2352ffc02f06d2e911b59",
    "https://cdn.jsdelivr.net/gh/stephband/dom@master/modules/element/to-prefetch-promise.js": "a9cbfc66211adf9d0181009d05d530fa37dae1c6bf32eee2e685d55e3972e790",
    "https://cdn.jsdelivr.net/gh/stephband/dom@master/modules/element/token-list.js": "17e2ece5c7ab79430699e8bf2a57f8ff058f5a0f70acdbd5ce0e143bf333be97",
    "https://cdn.jsdelivr.net/gh/stephband/dom@master/modules/element/update-token-list.js": "36ceea26032c3f8a97a93cee38098fa5a9290d8169a877347bb827312e77bdf0",
    "https://cdn.jsdelivr.net/gh/stephband/dom@master/modules/events.js": "068f9e12baf9a0e8ecf5b833a10164ea631000edd11d9a548792df34cce40a36",
    "https://cdn.jsdelivr.net/gh/stephband/dom@master/modules/fullscreen.js": "6337a54dc81a93f1290a8432f709782488c043530223e30a85560d2be54ce22c",
    "https://cdn.jsdelivr.net/gh/stephband/dom@master/modules/gestures.js": "7f628a38a7eb966314b7b1683ac806fa3cf38ed23c155b115e664f59fc5b332e",
    "https://cdn.jsdelivr.net/gh/stephband/dom@master/modules/is-firefox.js": "062fb53d3cd9fd150a610c6ef224b67c7c8028fcb4d93cfec9235b4113fdb274",
    "https://cdn.jsdelivr.net/gh/stephband/dom@master/modules/is-primary-button.js": "6c0ace94b79c24b85513508e90627596e747b69d423a5d3dd1003e9e9cfebaae",
    "https://cdn.jsdelivr.net/gh/stephband/dom@master/modules/parse-length.js": "31945758d1e0917fefce14b3a20c161909fea3062ba4f5601879bf2e1675fec1",
    "https://cdn.jsdelivr.net/gh/stephband/dom@master/modules/rect.js": "626d41dd645659e18cb72f7d7bf66e2c44c5c46749740e136d883e57e82d16b2",
    "https://cdn.jsdelivr.net/gh/stephband/dom@master/modules/style.js": "e278c013cad38a96577e362288697b9d06177c1fb6fb2c9616689bc8f1bc55a4",
    "https://cdn.jsdelivr.net/gh/stephband/dom@master/modules/trigger.js": "4076f396d9b2493f80bcc5fc9201459c091025d0fb56778728931cf2f669191c",
    "https://cdn.jsdelivr.net/gh/stephband/fn@master/modules/arg.js": "8886e09cb323fe28f0018ab831780a8cf7089afdcd95ad71e3060031ba28f447",
    "https://cdn.jsdelivr.net/gh/stephband/fn@master/modules/cache.js": "879ee2b7ea4d0d749d6e8f359aee960a5814e4eeff83a7158bf70e3a25851db0",
    "https://cdn.jsdelivr.net/gh/stephband/fn@master/modules/capture.js": "9139789b5351ebebde3cb3bc3f9a66ebed5cee3b0cd9ffe868dcf63b4ec65220",
    "https://cdn.jsdelivr.net/gh/stephband/fn@master/modules/curry.js": "b65b5d09c6b82430a9c0e4feb5d31f638cdc46a1ed90192e67c512bad5c5c211",
    "https://cdn.jsdelivr.net/gh/stephband/fn@master/modules/data.js": "37169875bdd6214058455d7331890ecf177e42b84f294a57e0cd9f401d1b0198",
    "https://cdn.jsdelivr.net/gh/stephband/fn@master/modules/equals.js": "3d8d23fd10aea27678f9e41c0b9bacc23a6881fad7af1008c8230afe9de4260d",
    "https://cdn.jsdelivr.net/gh/stephband/fn@master/modules/exec.js": "5cbade9bbfea82b53d64e0560a7a71b915470f04223266939ed6d48f2df4aafa",
    "https://cdn.jsdelivr.net/gh/stephband/fn@master/modules/get.js": "e7c7d9d3eb4d4e74185b1c29feb8559c65466a03545237c20e38630132add474",
    "https://cdn.jsdelivr.net/gh/stephband/fn@master/modules/id.js": "9c90e26a082d67afdeb83fb64bd795c469f317dca5850c404d6a6f0aa82331dc",
    "https://cdn.jsdelivr.net/gh/stephband/fn@master/modules/is-iterable.js": "6ad6dfcbbb29bc0d9efeac0eb77bd4a17c5dabef1440f581afea140974a96d20",
    "https://cdn.jsdelivr.net/gh/stephband/fn@master/modules/noop.js": "3be7f93ead642d9f6bc860649ba683cf6d47e37fe7c63c6c8e17c3187140ba96",
    "https://cdn.jsdelivr.net/gh/stephband/fn@master/modules/nothing.js": "a630a4e99485f66dceef4f6bcadf2ba933fa7b43968ee6467ddfd34445460be1",
    "https://cdn.jsdelivr.net/gh/stephband/fn@master/modules/overload.js": "92a50c40abda323cc5bcbbeb8b69845c11fcc6606bc0dcd8fc914787e2f41891",
    "https://cdn.jsdelivr.net/gh/stephband/fn@master/modules/parse-angle.js": "06601105b83fc353cbcf66459f55093f3c8d953581ab0a2ff1d379c05027012d",
    "https://cdn.jsdelivr.net/gh/stephband/fn@master/modules/parse-value.js": "05c61cc69d775aadec4b93041948d15d1c7c6583490b36f18dea7c5f1cb1a851",
    "https://cdn.jsdelivr.net/gh/stephband/fn@master/modules/remove.js": "08a63a54d84d0c3e6f8b74d10ca031f2f4fdcfeb56f805a7eb4095f63f405a81",
    "https://cdn.jsdelivr.net/gh/stephband/fn@master/modules/self.js": "c0208917a31ade85516ce45834e5bde94688f28f1bf821c867fd7f863a14af68",
    "https://cdn.jsdelivr.net/gh/stephband/fn@master/modules/signal.js": "29c22f5b57225f1ced1facfe1d4e8d07e2ef5a373a760199d8f48b75ecd18fef",
    "https://cdn.jsdelivr.net/gh/stephband/fn@master/modules/stream.js": "6c41edf06a496e083bc03275947a939ca86f6627a0423e960e1a2acba9cf0dda",
    "https://cdn.jsdelivr.net/gh/stephband/fn@master/modules/stream/buffer-stream.js": "8a1e8057a7aab8fa4dd723897e7fe51dd9c6c061dcd9cd42807bc3a70c3c2c0f",
    "https://cdn.jsdelivr.net/gh/stephband/fn@master/modules/stream/clock-stream.js": "bbd343bc14fd062fc151bff8859bef217b698169a4358f57cb74af74cb5e7083",
    "https://cdn.jsdelivr.net/gh/stephband/fn@master/modules/stream/combine-stream.js": "752ab6c8f95398de6edfc43c85218098cd4fb76663df4951d96f38b799e6e5d8",
    "https://cdn.jsdelivr.net/gh/stephband/fn@master/modules/stream/merge-stream.js": "d5f0f0967ad9ef81493c9255677245c2ab54b0ea428c5578e65b14b19f9a2071",
    "https://cdn.jsdelivr.net/gh/stephband/fn@master/modules/stream/promise-stream.js": "0a1ea5b376b6d2cdbf0b7718d4c67a1fb394019f7603d33c4683e1e5003a29b9",
    "https://cdn.jsdelivr.net/gh/stephband/fn@master/modules/stream/signal-stream.js": "34c24a59b83ab5d27f7ab12b745b314fa421d6adbe732db8316de532370257d1",
    "https://cdn.jsdelivr.net/gh/stephband/fn@master/modules/stream/stream.js": "bf247a4a21e9cfbd0bb5267d52c28aaead4a269efd66b78c8323b584d2e15679",
    "https://cdn.jsdelivr.net/gh/stephband/fn@master/modules/stream/throttle-stream.js": "993c8b48dfceb531bad90e0f50fa81f157bdcda4c374b554b53979a5e012332a",
    "https://cdn.jsdelivr.net/gh/stephband/fn@master/modules/to-rad.js": "f0b6a31ed4b576f53b096708796f0a3fe80bed09e8ff11e4ea59c9f368241e32",
    "https://cdn.jsdelivr.net/gh/stephband/fn@master/modules/to-type.js": "35fcde240d7038eb7fea1d7c76f614f14dfa3e6caf99975a37ca85c047ad28ea"
  }
}
